
Microsoft Visual Studio Solution File, Format Version 12.00
# Visual Studio Version 17
VisualStudioVersion = 17.14.36221.1 d17.14
MinimumVisualStudioVersion = 10.0.40219.1
Project("{FAE04EC0-301F-11D3-BF4B-00C04F79EFBC}") = "CardAPI", "CardAPI\CardAPI.csproj", "{2C647030-0904-4B46-9E59-A37F5235463E}"
EndProject
Global
	GlobalSection(SolutionConfigurationPlatforms) = preSolution
		Debug|Any CPU = Debug|Any CPU
		Release|Any CPU = Release|Any CPU
	EndGlobalSection
	GlobalSection(ProjectConfigurationPlatforms) = postSolution
		{2C647030-0904-4B46-9E59-A37F5235463E}.Debug|Any CPU.ActiveCfg = Debug|Any CPU
		{2C647030-0904-4B46-9E59-A37F5235463E}.Debug|Any CPU.Build.0 = Debug|Any CPU
		{2C647030-0904-4B46-9E59-A37F5235463E}.Release|Any CPU.ActiveCfg = Release|Any CPU
		{2C647030-0904-4B46-9E59-A37F5235463E}.Release|Any CPU.Build.0 = Release|Any CPU
	EndGlobalSection
	GlobalSection(SolutionProperties) = preSolution
		HideSolutionNode = FALSE
	EndGlobalSection
	GlobalSection(ExtensibilityGlobals) = postSolution
		SolutionGuid = {1CED3E13-634F-493E-A18B-F01104A9E929}
	EndGlobalSection
EndGlobal
